
Microsoft Visual Studio Solution File, Format Version 12.00
# Visual Studio Version 17
VisualStudioVersion = 17.14.36414.22
MinimumVisualStudioVersion = 10.0.40219.1
Project("{FAE04EC0-301F-11D3-BF4B-00C04F79EFBC}") = "DangKyKhamBenh", "DangKyKhamBenh\DangKyKhamBenh.csproj", "{F57E11BD-78EB-4605-B1A3-B381D883752C}"
EndProject
Project("{2150E333-8FDC-42A3-9474-1A3956D46DE8}") = "Solution Items", "Solution Items", "{8EC462FD-D22E-90A8-E5CE-7E832BA40C5D}"
	ProjectSection(SolutionItems) = preProject
		.gitignore = .gitignore
	EndProjectSection
EndProject
Global
	GlobalSection(SolutionConfigurationPlatforms) = preSolution
		Debug|Any CPU = Debug|Any CPU
		Release|Any CPU = Release|Any CPU
	EndGlobalSection
	GlobalSection(ProjectConfigurationPlatforms) = postSolution
		{F57E11BD-78EB-4605-B1A3-B381D883752C}.Debug|Any CPU.ActiveCfg = Debug|Any CPU
		{F57E11BD-78EB-4605-B1A3-B381D883752C}.Debug|Any CPU.Build.0 = Debug|Any CPU
		{F57E11BD-78EB-4605-B1A3-B381D883752C}.Release|Any CPU.ActiveCfg = Release|Any CPU
		{F57E11BD-78EB-4605-B1A3-B381D883752C}.Release|Any CPU.Build.0 = Release|Any CPU
	EndGlobalSection
	GlobalSection(SolutionProperties) = preSolution
		HideSolutionNode = FALSE
	EndGlobalSection
	GlobalSection(ExtensibilityGlobals) = postSolution
		SolutionGuid = {6915FC5B-8DEC-4E0B-822F-187C8E1AC6DE}
	EndGlobalSection
EndGlobal
